
Microsoft Visual Studio Solution File, Format Version 12.00
# Visual Studio Version 16
VisualStudioVersion = 16.0.34601.136
MinimumVisualStudioVersion = 10.0.40219.1
Project("{FAE04EC0-301F-11D3-BF4B-00C04F79EFBC}") = "lab2_3_2", "lab2_3_2\lab2_3_2.csproj", "{4AC13ECA-9D93-408F-A9DE-A193D2A94C17}"
EndProject
Global
	GlobalSection(SolutionConfigurationPlatforms) = preSolution
		Debug|Any CPU = Debug|Any CPU
		Release|Any CPU = Release|Any CPU
	EndGlobalSection
	GlobalSection(ProjectConfigurationPlatforms) = postSolution
		{4AC13ECA-9D93-408F-A9DE-A193D2A94C17}.Debug|Any CPU.ActiveCfg = Debug|Any CPU
		{4AC13ECA-9D93-408F-A9DE-A193D2A94C17}.Debug|Any CPU.Build.0 = Debug|Any CPU
		{4AC13ECA-9D93-408F-A9DE-A193D2A94C17}.Release|Any CPU.ActiveCfg = Release|Any CPU
		{4AC13ECA-9D93-408F-A9DE-A193D2A94C17}.Release|Any CPU.Build.0 = Release|Any CPU
	EndGlobalSection
	GlobalSection(SolutionProperties) = preSolution
		HideSolutionNode = FALSE
	EndGlobalSection
	GlobalSection(ExtensibilityGlobals) = postSolution
		SolutionGuid = {47C01293-D686-47F2-A853-7EE21DAADF98}
	EndGlobalSection
EndGlobal
